
Microsoft Visual Studio Solution File, Format Version 12.00
# Visual Studio Version 16
VisualStudioVersion = 16.0.31829.152
MinimumVisualStudioVersion = 10.0.40219.1
Project("{FAE04EC0-301F-11D3-BF4B-00C04F79EFBC}") = "day3Practice", "day3Practice.csproj", "{07CA65DA-C509-454C-93FD-C5CA480C7551}"
EndProject
Global
	GlobalSection(SolutionConfigurationPlatforms) = preSolution
		Debug|Any CPU = Debug|Any CPU
		Release|Any CPU = Release|Any CPU
	EndGlobalSection
	GlobalSection(ProjectConfigurationPlatforms) = postSolution
		{07CA65DA-C509-454C-93FD-C5CA480C7551}.Debug|Any CPU.ActiveCfg = Debug|Any CPU
		{07CA65DA-C509-454C-93FD-C5CA480C7551}.Debug|Any CPU.Build.0 = Debug|Any CPU
		{07CA65DA-C509-454C-93FD-C5CA480C7551}.Release|Any CPU.ActiveCfg = Release|Any CPU
		{07CA65DA-C509-454C-93FD-C5CA480C7551}.Release|Any CPU.Build.0 = Release|Any CPU
	EndGlobalSection
	GlobalSection(SolutionProperties) = preSolution
		HideSolutionNode = FALSE
	EndGlobalSection
	GlobalSection(ExtensibilityGlobals) = postSolution
		SolutionGuid = {B5FB1EA9-41FC-48AD-B235-1DC7628C0572}
	EndGlobalSection
EndGlobal
